// !$*UTF8*$!
{
	archiveVersion = 1;
	classes = {
	};
	objectVersion = 46;
	objects = {

/* Begin PBXBuildFile section */
		01924572160F3098005A22BB /* iConsole.m in Sources */ = {isa = PBXBuildFile; fileRef = 01924571160F3098005A22BB /* iConsole.m */; };
		01924574160F30A5005A22BB /* Default-568h@2x.png in Resources */ = {isa = PBXBuildFile; fileRef = 01924573160F30A5005A22BB /* Default-568h@2x.png */; };
		01D60A6E12C1612D007E5123 /* Icon-72.png in Resources */ = {isa = PBXBuildFile; fileRef = 01D60A6B12C1612D007E5123 /* Icon-72.png */; };
		01D60A6F12C1612D007E5123 /* Icon.png in Resources */ = {isa = PBXBuildFile; fileRef = 01D60A6C12C1612D007E5123 /* Icon.png */; };
		01D60A7012C1612D007E5123 /* Icon@2x.png in Resources */ = {isa = PBXBuildFile; fileRef = 01D60A6D12C1612D007E5123 /* Icon@2x.png */; };
		1D3623260D0F684500981E51 /* HelloWorldAppDelegate.m in Sources */ = {isa = PBXBuildFile; fileRef = 1D3623250D0F684500981E51 /* HelloWorldAppDelegate.m */; };
		1D60589B0D05DD56006BFB54 /* main.m in Sources */ = {isa = PBXBuildFile; fileRef = 29B97316FDCFA39411CA2CEA /* main.m */; };
		1D60589F0D05DD5A006BFB54 /* Foundation.framework in Frameworks */ = {isa = PBXBuildFile; fileRef = 1D30AB110D05D00D00671497 /* Foundation.framework */; };
		1DF5F4E00D08C38300B7A737 /* UIKit.framework in Frameworks */ = {isa = PBXBuildFile; fileRef = 1DF5F4DF0D08C38300B7A737 /* UIKit.framework */; };
		1F30C931166A21C400785E98 /* YIEdgePanGestureRecognizer.m in Sources */ = {isa = PBXBuildFile; fileRef = 1F30C930166A21C400785E98 /* YIEdgePanGestureRecognizer.m */; };
		1F30C937166A26E000785E98 /* iConsole.bundle in Resources */ = {isa = PBXBuildFile; fileRef = 1F30C936166A26E000785E98 /* iConsole.bundle */; };
		288765A50DF7441C002DB57D /* CoreGraphics.framework in Frameworks */ = {isa = PBXBuildFile; fileRef = 288765A40DF7441C002DB57D /* CoreGraphics.framework */; };
		2899E5220DE3E06400AC0155 /* HelloWorldViewController.xib in Resources */ = {isa = PBXBuildFile; fileRef = 2899E5210DE3E06400AC0155 /* HelloWorldViewController.xib */; };
		28AD733F0D9D9553002E5188 /* MainWindow.xib in Resources */ = {isa = PBXBuildFile; fileRef = 28AD733E0D9D9553002E5188 /* MainWindow.xib */; };
		28D7ACF80DDB3853001CB0EB /* HelloWorldViewController.m in Sources */ = {isa = PBXBuildFile; fileRef = 28D7ACF70DDB3853001CB0EB /* HelloWorldViewController.m */; };
		480F1F9C163680E300C2EC19 /* MessageUI.framework in Frameworks */ = {isa = PBXBuildFile; fileRef = 480F1F9B163680E300C2EC19 /* MessageUI.framework */; };
		48CCC3ED166C99FD0013C663 /* NICommonMetrics.m in Sources */ = {isa = PBXBuildFile; fileRef = 48CCC1DA166C99FB0013C663 /* NICommonMetrics.m */; };
		48CCC3EE166C99FD0013C663 /* NIDataStructures.m in Sources */ = {isa = PBXBuildFile; fileRef = 48CCC1DC166C99FB0013C663 /* NIDataStructures.m */; };
		48CCC3EF166C99FD0013C663 /* NIDebuggingTools.m in Sources */ = {isa = PBXBuildFile; fileRef = 48CCC1DE166C99FB0013C663 /* NIDebuggingTools.m */; };
		48CCC3F0166C99FD0013C663 /* NIDeviceOrientation.m in Sources */ = {isa = PBXBuildFile; fileRef = 48CCC1E0166C99FB0013C663 /* NIDeviceOrientation.m */; };
		48CCC3F1166C99FD0013C663 /* NIError.m in Sources */ = {isa = PBXBuildFile; fileRef = 48CCC1E2166C99FB0013C663 /* NIError.m */; };
		48CCC3F2166C99FD0013C663 /* NIFoundationMethods.m in Sources */ = {isa = PBXBuildFile; fileRef = 48CCC1E4166C99FB0013C663 /* NIFoundationMethods.m */; };
		48CCC3F3166C99FD0013C663 /* NIInMemoryCache.m in Sources */ = {isa = PBXBuildFile; fileRef = 48CCC1E6166C99FB0013C663 /* NIInMemoryCache.m */; };
		48CCC3F4166C99FD0013C663 /* NINavigationAppearance.m in Sources */ = {isa = PBXBuildFile; fileRef = 48CCC1EB166C99FB0013C663 /* NINavigationAppearance.m */; };
		48CCC3F5166C99FD0013C663 /* NINetworkActivity.m in Sources */ = {isa = PBXBuildFile; fileRef = 48CCC1ED166C99FB0013C663 /* NINetworkActivity.m */; };
		48CCC3F6166C99FD0013C663 /* NINonEmptyCollectionTesting.m in Sources */ = {isa = PBXBuildFile; fileRef = 48CCC1EF166C99FB0013C663 /* NINonEmptyCollectionTesting.m */; };
		48CCC3F7166C99FD0013C663 /* NINonRetainingCollections.m in Sources */ = {isa = PBXBuildFile; fileRef = 48CCC1F1166C99FB0013C663 /* NINonRetainingCollections.m */; };
		48CCC3F8166C99FD0013C663 /* NIOperations.m in Sources */ = {isa = PBXBuildFile; fileRef = 48CCC1F4166C99FB0013C663 /* NIOperations.m */; };
		48CCC3F9166C99FD0013C663 /* NIPaths.m in Sources */ = {isa = PBXBuildFile; fileRef = 48CCC1F6166C99FB0013C663 /* NIPaths.m */; };
		48CCC3FA166C99FD0013C663 /* NIRuntimeClassModifications.m in Sources */ = {isa = PBXBuildFile; fileRef = 48CCC1F9166C99FB0013C663 /* NIRuntimeClassModifications.m */; };
		48CCC3FB166C99FD0013C663 /* NISDKAvailability.m in Sources */ = {isa = PBXBuildFile; fileRef = 48CCC1FB166C99FB0013C663 /* NISDKAvailability.m */; };
		48CCC3FC166C99FD0013C663 /* NISnapshotRotation.m in Sources */ = {isa = PBXBuildFile; fileRef = 48CCC1FD166C99FB0013C663 /* NISnapshotRotation.m */; };
		48CCC3FD166C99FD0013C663 /* NIState.m in Sources */ = {isa = PBXBuildFile; fileRef = 48CCC1FF166C99FB0013C663 /* NIState.m */; };
		48CCC3FE166C99FD0013C663 /* NIViewRecycler.m in Sources */ = {isa = PBXBuildFile; fileRef = 48CCC201166C99FB0013C663 /* NIViewRecycler.m */; };
		48CCC3FF166C99FD0013C663 /* NSString+NimbusCore.m in Sources */ = {isa = PBXBuildFile; fileRef = 48CCC203166C99FB0013C663 /* NSString+NimbusCore.m */; };
		48CCC443166C99FD0013C663 /* NICellBackgrounds.m in Sources */ = {isa = PBXBuildFile; fileRef = 48CCC278166C99FB0013C663 /* NICellBackgrounds.m */; };
		48CCC444166C99FD0013C663 /* NICellCatalog.m in Sources */ = {isa = PBXBuildFile; fileRef = 48CCC27A166C99FB0013C663 /* NICellCatalog.m */; };
		48CCC445166C99FD0013C663 /* NICellFactory.m in Sources */ = {isa = PBXBuildFile; fileRef = 48CCC27C166C99FB0013C663 /* NICellFactory.m */; };
		48CCC446166C99FD0013C663 /* NIFormCellCatalog.m in Sources */ = {isa = PBXBuildFile; fileRef = 48CCC27E166C99FB0013C663 /* NIFormCellCatalog.m */; };
		48CCC447166C99FD0013C663 /* NIMutableTableViewModel.m in Sources */ = {isa = PBXBuildFile; fileRef = 48CCC283166C99FB0013C663 /* NIMutableTableViewModel.m */; };
		48CCC448166C99FD0013C663 /* NIRadioGroup.m in Sources */ = {isa = PBXBuildFile; fileRef = 48CCC285166C99FB0013C663 /* NIRadioGroup.m */; };
		48CCC449166C99FD0013C663 /* NIRadioGroupController.m in Sources */ = {isa = PBXBuildFile; fileRef = 48CCC287166C99FB0013C663 /* NIRadioGroupController.m */; };
		48CCC44A166C99FD0013C663 /* NITableViewActions.m in Sources */ = {isa = PBXBuildFile; fileRef = 48CCC289166C99FB0013C663 /* NITableViewActions.m */; };
		48CCC44B166C99FD0013C663 /* NITableViewModel.m in Sources */ = {isa = PBXBuildFile; fileRef = 48CCC28C166C99FB0013C663 /* NITableViewModel.m */; };
		48CCC45A166C99FD0013C663 /* NimbusOverviewer.bundle in Resources */ = {isa = PBXBuildFile; fileRef = 48CCC2AF166C99FB0013C663 /* NimbusOverviewer.bundle */; };
		48CCC45B166C99FD0013C663 /* NIDeviceInfo.m in Sources */ = {isa = PBXBuildFile; fileRef = 48CCC2B2166C99FB0013C663 /* NIDeviceInfo.m */; };
		48CCC45C166C99FD0013C663 /* NIOverview.m in Sources */ = {isa = PBXBuildFile; fileRef = 48CCC2B6166C99FB0013C663 /* NIOverview.m */; };
		48CCC45D166C99FD0013C663 /* NIOverviewGraphView.m in Sources */ = {isa = PBXBuildFile; fileRef = 48CCC2B8166C99FB0013C663 /* NIOverviewGraphView.m */; };
		48CCC45E166C99FD0013C663 /* NIOverviewLogger.m in Sources */ = {isa = PBXBuildFile; fileRef = 48CCC2BA166C99FB0013C663 /* NIOverviewLogger.m */; };
		48CCC45F166C99FD0013C663 /* NIOverviewMemoryCacheController.m in Sources */ = {isa = PBXBuildFile; fileRef = 48CCC2BC166C99FB0013C663 /* NIOverviewMemoryCacheController.m */; };
		48CCC460166C99FD0013C663 /* NIOverviewPageView.m in Sources */ = {isa = PBXBuildFile; fileRef = 48CCC2BE166C99FB0013C663 /* NIOverviewPageView.m */; };
		48CCC461166C99FD0013C663 /* NIOverviewSwizzling.m in Sources */ = {isa = PBXBuildFile; fileRef = 48CCC2C0166C99FB0013C663 /* NIOverviewSwizzling.m */; };
		48CCC462166C99FD0013C663 /* NIOverviewView.m in Sources */ = {isa = PBXBuildFile; fileRef = 48CCC2C2166C99FB0013C663 /* NIOverviewView.m */; };
/* End PBXBuildFile section */

/* Begin PBXFileReference section */
		01924570160F3098005A22BB /* iConsole.h */ = {isa = PBXFileReference; fileEncoding = 4; lastKnownFileType = sourcecode.c.h; path = iConsole.h; sourceTree = "<group>"; };
		01924571160F3098005A22BB /* iConsole.m */ = {isa = PBXFileReference; fileEncoding = 4; lastKnownFileType = sourcecode.c.objc; path = iConsole.m; sourceTree = "<group>"; };
		01924573160F30A5005A22BB /* Default-568h@2x.png */ = {isa = PBXFileReference; lastKnownFileType = image.png; path = "Default-568h@2x.png"; sourceTree = "<group>"; };
		01D60A6B12C1612D007E5123 /* Icon-72.png */ = {isa = PBXFileReference; lastKnownFileType = image.png; path = "Icon-72.png"; sourceTree = "<group>"; };
		01D60A6C12C1612D007E5123 /* Icon.png */ = {isa = PBXFileReference; lastKnownFileType = image.png; path = Icon.png; sourceTree = "<group>"; };
		01D60A6D12C1612D007E5123 /* Icon@2x.png */ = {isa = PBXFileReference; lastKnownFileType = image.png; path = "Icon@2x.png"; sourceTree = "<group>"; };
		1D30AB110D05D00D00671497 /* Foundation.framework */ = {isa = PBXFileReference; lastKnownFileType = wrapper.framework; name = Foundation.framework; path = System/Library/Frameworks/Foundation.framework; sourceTree = SDKROOT; };
		1D3623240D0F684500981E51 /* HelloWorldAppDelegate.h */ = {isa = PBXFileReference; fileEncoding = 4; lastKnownFileType = sourcecode.c.h; path = HelloWorldAppDelegate.h; sourceTree = "<group>"; };
		1D3623250D0F684500981E51 /* HelloWorldAppDelegate.m */ = {isa = PBXFileReference; fileEncoding = 4; lastKnownFileType = sourcecode.c.objc; path = HelloWorldAppDelegate.m; sourceTree = "<group>"; };
		1D6058910D05DD3D006BFB54 /* iConsole.app */ = {isa = PBXFileReference; explicitFileType = wrapper.application; includeInIndex = 0; path = iConsole.app; sourceTree = BUILT_PRODUCTS_DIR; };
		1DF5F4DF0D08C38300B7A737 /* UIKit.framework */ = {isa = PBXFileReference; lastKnownFileType = wrapper.framework; name = UIKit.framework; path = System/Library/Frameworks/UIKit.framework; sourceTree = SDKROOT; };
		1F30C92F166A21C400785E98 /* YIEdgePanGestureRecognizer.h */ = {isa = PBXFileReference; fileEncoding = 4; lastKnownFileType = sourcecode.c.h; path = YIEdgePanGestureRecognizer.h; sourceTree = "<group>"; };
		1F30C930166A21C400785E98 /* YIEdgePanGestureRecognizer.m */ = {isa = PBXFileReference; fileEncoding = 4; lastKnownFileType = sourcecode.c.objc; path = YIEdgePanGestureRecognizer.m; sourceTree = "<group>"; };
		1F30C936166A26E000785E98 /* iConsole.bundle */ = {isa = PBXFileReference; lastKnownFileType = "wrapper.plug-in"; path = iConsole.bundle; sourceTree = "<group>"; };
		288765A40DF7441C002DB57D /* CoreGraphics.framework */ = {isa = PBXFileReference; lastKnownFileType = wrapper.framework; name = CoreGraphics.framework; path = System/Library/Frameworks/CoreGraphics.framework; sourceTree = SDKROOT; };
		2899E5210DE3E06400AC0155 /* HelloWorldViewController.xib */ = {isa = PBXFileReference; lastKnownFileType = file.xib; path = HelloWorldViewController.xib; sourceTree = "<group>"; };
		28AD733E0D9D9553002E5188 /* MainWindow.xib */ = {isa = PBXFileReference; lastKnownFileType = file.xib; path = MainWindow.xib; sourceTree = "<group>"; };
		28D7ACF60DDB3853001CB0EB /* HelloWorldViewController.h */ = {isa = PBXFileReference; fileEncoding = 4; lastKnownFileType = sourcecode.c.h; path = HelloWorldViewController.h; sourceTree = "<group>"; };
		28D7ACF70DDB3853001CB0EB /* HelloWorldViewController.m */ = {isa = PBXFileReference; fileEncoding = 4; lastKnownFileType = sourcecode.c.objc; path = HelloWorldViewController.m; sourceTree = "<group>"; };
		29B97316FDCFA39411CA2CEA /* main.m */ = {isa = PBXFileReference; fileEncoding = 4; lastKnownFileType = sourcecode.c.objc; path = main.m; sourceTree = "<group>"; };
		32CA4F630368D1EE00C91783 /* HelloWorld_Prefix.pch */ = {isa = PBXFileReference; fileEncoding = 4; lastKnownFileType = sourcecode.c.h; path = HelloWorld_Prefix.pch; sourceTree = "<group>"; };
		480F1F9B163680E300C2EC19 /* MessageUI.framework */ = {isa = PBXFileReference; lastKnownFileType = wrapper.framework; name = MessageUI.framework; path = System/Library/Frameworks/MessageUI.framework; sourceTree = SDKROOT; };
		48CCC1D9166C99FB0013C663 /* NICommonMetrics.h */ = {isa = PBXFileReference; fileEncoding = 4; lastKnownFileType = sourcecode.c.h; path = NICommonMetrics.h; sourceTree = "<group>"; };
		48CCC1DA166C99FB0013C663 /* NICommonMetrics.m */ = {isa = PBXFileReference; fileEncoding = 4; lastKnownFileType = sourcecode.c.objc; path = NICommonMetrics.m; sourceTree = "<group>"; };
		48CCC1DB166C99FB0013C663 /* NIDataStructures.h */ = {isa = PBXFileReference; fileEncoding = 4; lastKnownFileType = sourcecode.c.h; path = NIDataStructures.h; sourceTree = "<group>"; };
		48CCC1DC166C99FB0013C663 /* NIDataStructures.m */ = {isa = PBXFileReference; fileEncoding = 4; lastKnownFileType = sourcecode.c.objc; path = NIDataStructures.m; sourceTree = "<group>"; };
		48CCC1DD166C99FB0013C663 /* NIDebuggingTools.h */ = {isa = PBXFileReference; fileEncoding = 4; lastKnownFileType = sourcecode.c.h; path = NIDebuggingTools.h; sourceTree = "<group>"; };
		48CCC1DE166C99FB0013C663 /* NIDebuggingTools.m */ = {isa = PBXFileReference; fileEncoding = 4; lastKnownFileType = sourcecode.c.objc; path = NIDebuggingTools.m; sourceTree = "<group>"; };
		48CCC1DF166C99FB0013C663 /* NIDeviceOrientation.h */ = {isa = PBXFileReference; fileEncoding = 4; lastKnownFileType = sourcecode.c.h; path = NIDeviceOrientation.h; sourceTree = "<group>"; };
		48CCC1E0166C99FB0013C663 /* NIDeviceOrientation.m */ = {isa = PBXFileReference; fileEncoding = 4; lastKnownFileType = sourcecode.c.objc; path = NIDeviceOrientation.m; sourceTree = "<group>"; };
		48CCC1E1166C99FB0013C663 /* NIError.h */ = {isa = PBXFileReference; fileEncoding = 4; lastKnownFileType = sourcecode.c.h; path = NIError.h; sourceTree = "<group>"; };
		48CCC1E2166C99FB0013C663 /* NIError.m */ = {isa = PBXFileReference; fileEncoding = 4; lastKnownFileType = sourcecode.c.objc; path = NIError.m; sourceTree = "<group>"; };
		48CCC1E3166C99FB0013C663 /* NIFoundationMethods.h */ = {isa = PBXFileReference; fileEncoding = 4; lastKnownFileType = sourcecode.c.h; path = NIFoundationMethods.h; sourceTree = "<group>"; };
		48CCC1E4166C99FB0013C663 /* NIFoundationMethods.m */ = {isa = PBXFileReference; fileEncoding = 4; lastKnownFileType = sourcecode.c.objc; path = NIFoundationMethods.m; sourceTree = "<group>"; };
		48CCC1E5166C99FB0013C663 /* NIInMemoryCache.h */ = {isa = PBXFileReference; fileEncoding = 4; lastKnownFileType = sourcecode.c.h; path = NIInMemoryCache.h; sourceTree = "<group>"; };
		48CCC1E6166C99FB0013C663 /* NIInMemoryCache.m */ = {isa = PBXFileReference; fileEncoding = 4; lastKnownFileType = sourcecode.c.objc; path = NIInMemoryCache.m; sourceTree = "<group>"; };
		48CCC1E7166C99FB0013C663 /* NimbusCore+Additions.h */ = {isa = PBXFileReference; fileEncoding = 4; lastKnownFileType = sourcecode.c.h; path = "NimbusCore+Additions.h"; sourceTree = "<group>"; };
		48CCC1E8166C99FB0013C663 /* NimbusCore+Namespace.h */ = {isa = PBXFileReference; fileEncoding = 4; lastKnownFileType = sourcecode.c.h; path = "NimbusCore+Namespace.h"; sourceTree = "<group>"; };
		48CCC1E9166C99FB0013C663 /* NimbusCore.h */ = {isa = PBXFileReference; fileEncoding = 4; lastKnownFileType = sourcecode.c.h; path = NimbusCore.h; sourceTree = "<group>"; };
		48CCC1EA166C99FB0013C663 /* NINavigationAppearance.h */ = {isa = PBXFileReference; fileEncoding = 4; lastKnownFileType = sourcecode.c.h; path = NINavigationAppearance.h; sourceTree = "<group>"; };
		48CCC1EB166C99FB0013C663 /* NINavigationAppearance.m */ = {isa = PBXFileReference; fileEncoding = 4; lastKnownFileType = sourcecode.c.objc; path = NINavigationAppearance.m; sourceTree = "<group>"; };
		48CCC1EC166C99FB0013C663 /* NINetworkActivity.h */ = {isa = PBXFileReference; fileEncoding = 4; lastKnownFileType = sourcecode.c.h; path = NINetworkActivity.h; sourceTree = "<group>"; };
		48CCC1ED166C99FB0013C663 /* NINetworkActivity.m */ = {isa = PBXFileReference; fileEncoding = 4; lastKnownFileType = sourcecode.c.objc; path = NINetworkActivity.m; sourceTree = "<group>"; };
		48CCC1EE166C99FB0013C663 /* NINonEmptyCollectionTesting.h */ = {isa = PBXFileReference; fileEncoding = 4; lastKnownFileType = sourcecode.c.h; path = NINonEmptyCollectionTesting.h; sourceTree = "<group>"; };
		48CCC1EF166C99FB0013C663 /* NINonEmptyCollectionTesting.m */ = {isa = PBXFileReference; fileEncoding = 4; lastKnownFileType = sourcecode.c.objc; path = NINonEmptyCollectionTesting.m; sourceTree = "<group>"; };
		48CCC1F0166C99FB0013C663 /* NINonRetainingCollections.h */ = {isa = PBXFileReference; fileEncoding = 4; lastKnownFileType = sourcecode.c.h; path = NINonRetainingCollections.h; sourceTree = "<group>"; };
		48CCC1F1166C99FB0013C663 /* NINonRetainingCollections.m */ = {isa = PBXFileReference; fileEncoding = 4; lastKnownFileType = sourcecode.c.objc; path = NINonRetainingCollections.m; sourceTree = "<group>"; };
		48CCC1F2166C99FB0013C663 /* NIOperations+Subclassing.h */ = {isa = PBXFileReference; fileEncoding = 4; lastKnownFileType = sourcecode.c.h; path = "NIOperations+Subclassing.h"; sourceTree = "<group>"; };
		48CCC1F3166C99FB0013C663 /* NIOperations.h */ = {isa = PBXFileReference; fileEncoding = 4; lastKnownFileType = sourcecode.c.h; path = NIOperations.h; sourceTree = "<group>"; };
		48CCC1F4166C99FB0013C663 /* NIOperations.m */ = {isa = PBXFileReference; fileEncoding = 4; lastKnownFileType = sourcecode.c.objc; path = NIOperations.m; sourceTree = "<group>"; };
		48CCC1F5166C99FB0013C663 /* NIPaths.h */ = {isa = PBXFileReference; fileEncoding = 4; lastKnownFileType = sourcecode.c.h; path = NIPaths.h; sourceTree = "<group>"; };
		48CCC1F6166C99FB0013C663 /* NIPaths.m */ = {isa = PBXFileReference; fileEncoding = 4; lastKnownFileType = sourcecode.c.objc; path = NIPaths.m; sourceTree = "<group>"; };
		48CCC1F7166C99FB0013C663 /* NIPreprocessorMacros.h */ = {isa = PBXFileReference; fileEncoding = 4; lastKnownFileType = sourcecode.c.h; path = NIPreprocessorMacros.h; sourceTree = "<group>"; };
		48CCC1F8166C99FB0013C663 /* NIRuntimeClassModifications.h */ = {isa = PBXFileReference; fileEncoding = 4; lastKnownFileType = sourcecode.c.h; path = NIRuntimeClassModifications.h; sourceTree = "<group>"; };
		48CCC1F9166C99FB0013C663 /* NIRuntimeClassModifications.m */ = {isa = PBXFileReference; fileEncoding = 4; lastKnownFileType = sourcecode.c.objc; path = NIRuntimeClassModifications.m; sourceTree = "<group>"; };
		48CCC1FA166C99FB0013C663 /* NISDKAvailability.h */ = {isa = PBXFileReference; fileEncoding = 4; lastKnownFileType = sourcecode.c.h; path = NISDKAvailability.h; sourceTree = "<group>"; };
		48CCC1FB166C99FB0013C663 /* NISDKAvailability.m */ = {isa = PBXFileReference; fileEncoding = 4; lastKnownFileType = sourcecode.c.objc; path = NISDKAvailability.m; sourceTree = "<group>"; };
		48CCC1FC166C99FB0013C663 /* NISnapshotRotation.h */ = {isa = PBXFileReference; fileEncoding = 4; lastKnownFileType = sourcecode.c.h; path = NISnapshotRotation.h; sourceTree = "<group>"; };
		48CCC1FD166C99FB0013C663 /* NISnapshotRotation.m */ = {isa = PBXFileReference; fileEncoding = 4; lastKnownFileType = sourcecode.c.objc; path = NISnapshotRotation.m; sourceTree = "<group>"; };
		48CCC1FE166C99FB0013C663 /* NIState.h */ = {isa = PBXFileReference; fileEncoding = 4; lastKnownFileType = sourcecode.c.h; path = NIState.h; sourceTree = "<group>"; };
		48CCC1FF166C99FB0013C663 /* NIState.m */ = {isa = PBXFileReference; fileEncoding = 4; lastKnownFileType = sourcecode.c.objc; path = NIState.m; sourceTree = "<group>"; };
		48CCC200166C99FB0013C663 /* NIViewRecycler.h */ = {isa = PBXFileReference; fileEncoding = 4; lastKnownFileType = sourcecode.c.h; path = NIViewRecycler.h; sourceTree = "<group>"; };
		48CCC201166C99FB0013C663 /* NIViewRecycler.m */ = {isa = PBXFileReference; fileEncoding = 4; lastKnownFileType = sourcecode.c.objc; path = NIViewRecycler.m; sourceTree = "<group>"; };
		48CCC202166C99FB0013C663 /* NSString+NimbusCore.h */ = {isa = PBXFileReference; fileEncoding = 4; lastKnownFileType = sourcecode.c.h; path = "NSString+NimbusCore.h"; sourceTree = "<group>"; };
		48CCC203166C99FB0013C663 /* NSString+NimbusCore.m */ = {isa = PBXFileReference; fileEncoding = 4; lastKnownFileType = sourcecode.c.objc; path = "NSString+NimbusCore.m"; sourceTree = "<group>"; };
		48CCC277166C99FB0013C663 /* NICellBackgrounds.h */ = {isa = PBXFileReference; fileEncoding = 4; lastKnownFileType = sourcecode.c.h; path = NICellBackgrounds.h; sourceTree = "<group>"; };
		48CCC278166C99FB0013C663 /* NICellBackgrounds.m */ = {isa = PBXFileReference; fileEncoding = 4; lastKnownFileType = sourcecode.c.objc; path = NICellBackgrounds.m; sourceTree = "<group>"; };
		48CCC279166C99FB0013C663 /* NICellCatalog.h */ = {isa = PBXFileReference; fileEncoding = 4; lastKnownFileType = sourcecode.c.h; path = NICellCatalog.h; sourceTree = "<group>"; };
		48CCC27A166C99FB0013C663 /* NICellCatalog.m */ = {isa = PBXFileReference; fileEncoding = 4; lastKnownFileType = sourcecode.c.objc; path = NICellCatalog.m; sourceTree = "<group>"; };
		48CCC27B166C99FB0013C663 /* NICellFactory.h */ = {isa = PBXFileReference; fileEncoding = 4; lastKnownFileType = sourcecode.c.h; path = NICellFactory.h; sourceTree = "<group>"; };
		48CCC27C166C99FB0013C663 /* NICellFactory.m */ = {isa = PBXFileReference; fileEncoding = 4; lastKnownFileType = sourcecode.c.objc; path = NICellFactory.m; sourceTree = "<group>"; };
		48CCC27D166C99FB0013C663 /* NIFormCellCatalog.h */ = {isa = PBXFileReference; fileEncoding = 4; lastKnownFileType = sourcecode.c.h; path = NIFormCellCatalog.h; sourceTree = "<group>"; };
		48CCC27E166C99FB0013C663 /* NIFormCellCatalog.m */ = {isa = PBXFileReference; fileEncoding = 4; lastKnownFileType = sourcecode.c.objc; path = NIFormCellCatalog.m; sourceTree = "<group>"; };
		48CCC27F166C99FB0013C663 /* NimbusModels+Namespace.h */ = {isa = PBXFileReference; fileEncoding = 4; lastKnownFileType = sourcecode.c.h; path = "NimbusModels+Namespace.h"; sourceTree = "<group>"; };
		48CCC280166C99FB0013C663 /* NimbusModels.h */ = {isa = PBXFileReference; fileEncoding = 4; lastKnownFileType = sourcecode.c.h; path = NimbusModels.h; sourceTree = "<group>"; };
		48CCC281166C99FB0013C663 /* NIMutableTableViewModel+Private.h */ = {isa = PBXFileReference; fileEncoding = 4; lastKnownFileType = sourcecode.c.h; path = "NIMutableTableViewModel+Private.h"; sourceTree = "<group>"; };
		48CCC282166C99FB0013C663 /* NIMutableTableViewModel.h */ = {isa = PBXFileReference; fileEncoding = 4; lastKnownFileType = sourcecode.c.h; path = NIMutableTableViewModel.h; sourceTree = "<group>"; };
		48CCC283166C99FB0013C663 /* NIMutableTableViewModel.m */ = {isa = PBXFileReference; fileEncoding = 4; lastKnownFileType = sourcecode.c.objc; path = NIMutableTableViewModel.m; sourceTree = "<group>"; };
		48CCC284166C99FB0013C663 /* NIRadioGroup.h */ = {isa = PBXFileReference; fileEncoding = 4; lastKnownFileType = sourcecode.c.h; path = NIRadioGroup.h; sourceTree = "<group>"; };
		48CCC285166C99FB0013C663 /* NIRadioGroup.m */ = {isa = PBXFileReference; fileEncoding = 4; lastKnownFileType = sourcecode.c.objc; path = NIRadioGroup.m; sourceTree = "<group>"; };
		48CCC286166C99FB0013C663 /* NIRadioGroupController.h */ = {isa = PBXFileReference; fileEncoding = 4; lastKnownFileType = sourcecode.c.h; path = NIRadioGroupController.h; sourceTree = "<group>"; };
		48CCC287166C99FB0013C663 /* NIRadioGroupController.m */ = {isa = PBXFileReference; fileEncoding = 4; lastKnownFileType = sourcecode.c.objc; path = NIRadioGroupController.m; sourceTree = "<group>"; };
		48CCC288166C99FB0013C663 /* NITableViewActions.h */ = {isa = PBXFileReference; fileEncoding = 4; lastKnownFileType = sourcecode.c.h; path = NITableViewActions.h; sourceTree = "<group>"; };
		48CCC289166C99FB0013C663 /* NITableViewActions.m */ = {isa = PBXFileReference; fileEncoding = 4; lastKnownFileType = sourcecode.c.objc; path = NITableViewActions.m; sourceTree = "<group>"; };
		48CCC28A166C99FB0013C663 /* NITableViewModel+Private.h */ = {isa = PBXFileReference; fileEncoding = 4; lastKnownFileType = sourcecode.c.h; path = "NITableViewModel+Private.h"; sourceTree = "<group>"; };
		48CCC28B166C99FB0013C663 /* NITableViewModel.h */ = {isa = PBXFileReference; fileEncoding = 4; lastKnownFileType = sourcecode.c.h; path = NITableViewModel.h; sourceTree = "<group>"; };
		48CCC28C166C99FB0013C663 /* NITableViewModel.m */ = {isa = PBXFileReference; fileEncoding = 4; lastKnownFileType = sourcecode.c.objc; path = NITableViewModel.m; sourceTree = "<group>"; };
		48CCC2AF166C99FB0013C663 /* NimbusOverviewer.bundle */ = {isa = PBXFileReference; lastKnownFileType = "wrapper.plug-in"; path = NimbusOverviewer.bundle; sourceTree = "<group>"; };
		48CCC2B1166C99FB0013C663 /* NIDeviceInfo.h */ = {isa = PBXFileReference; fileEncoding = 4; lastKnownFileType = sourcecode.c.h; path = NIDeviceInfo.h; sourceTree = "<group>"; };
		48CCC2B2166C99FB0013C663 /* NIDeviceInfo.m */ = {isa = PBXFileReference; fileEncoding = 4; lastKnownFileType = sourcecode.c.objc; path = NIDeviceInfo.m; sourceTree = "<group>"; };
		48CCC2B3166C99FB0013C663 /* NimbusOverview+Namespace.h */ = {isa = PBXFileReference; fileEncoding = 4; lastKnownFileType = sourcecode.c.h; path = "NimbusOverview+Namespace.h"; sourceTree = "<group>"; };
		48CCC2B4166C99FB0013C663 /* NimbusOverview.h */ = {isa = PBXFileReference; fileEncoding = 4; lastKnownFileType = sourcecode.c.h; path = NimbusOverview.h; sourceTree = "<group>"; };
		48CCC2B5166C99FB0013C663 /* NIOverview.h */ = {isa = PBXFileReference; fileEncoding = 4; lastKnownFileType = sourcecode.c.h; path = NIOverview.h; sourceTree = "<group>"; };
		48CCC2B6166C99FB0013C663 /* NIOverview.m */ = {isa = PBXFileReference; fileEncoding = 4; lastKnownFileType = sourcecode.c.objc; path = NIOverview.m; sourceTree = "<group>"; };
		48CCC2B7166C99FB0013C663 /* NIOverviewGraphView.h */ = {isa = PBXFileReference; fileEncoding = 4; lastKnownFileType = sourcecode.c.h; path = NIOverviewGraphView.h; sourceTree = "<group>"; };
		48CCC2B8166C99FB0013C663 /* NIOverviewGraphView.m */ = {isa = PBXFileReference; fileEncoding = 4; lastKnownFileType = sourcecode.c.objc; path = NIOverviewGraphView.m; sourceTree = "<group>"; };
		48CCC2B9166C99FB0013C663 /* NIOverviewLogger.h */ = {isa = PBXFileReference; fileEncoding = 4; lastKnownFileType = sourcecode.c.h; path = NIOverviewLogger.h; sourceTree = "<group>"; };
		48CCC2BA166C99FB0013C663 /* NIOverviewLogger.m */ = {isa = PBXFileReference; fileEncoding = 4; lastKnownFileType = sourcecode.c.objc; path = NIOverviewLogger.m; sourceTree = "<group>"; };
		48CCC2BB166C99FB0013C663 /* NIOverviewMemoryCacheController.h */ = {isa = PBXFileReference; fileEncoding = 4; lastKnownFileType = sourcecode.c.h; path = NIOverviewMemoryCacheController.h; sourceTree = "<group>"; };
		48CCC2BC166C99FB0013C663 /* NIOverviewMemoryCacheController.m */ = {isa = PBXFileReference; fileEncoding = 4; lastKnownFileType = sourcecode.c.objc; path = NIOverviewMemoryCacheController.m; sourceTree = "<group>"; };
		48CCC2BD166C99FB0013C663 /* NIOverviewPageView.h */ = {isa = PBXFileReference; fileEncoding = 4; lastKnownFileType = sourcecode.c.h; path = NIOverviewPageView.h; sourceTree = "<group>"; };
		48CCC2BE166C99FB0013C663 /* NIOverviewPageView.m */ = {isa = PBXFileReference; fileEncoding = 4; lastKnownFileType = sourcecode.c.objc; path = NIOverviewPageView.m; sourceTree = "<group>"; };
		48CCC2BF166C99FB0013C663 /* NIOverviewSwizzling.h */ = {isa = PBXFileReference; fileEncoding = 4; lastKnownFileType = sourcecode.c.h; path = NIOverviewSwizzling.h; sourceTree = "<group>"; };
		48CCC2C0166C99FB0013C663 /* NIOverviewSwizzling.m */ = {isa = PBXFileReference; fileEncoding = 4; lastKnownFileType = sourcecode.c.objc; path = NIOverviewSwizzling.m; sourceTree = "<group>"; };
		48CCC2C1166C99FB0013C663 /* NIOverviewView.h */ = {isa = PBXFileReference; fileEncoding = 4; lastKnownFileType = sourcecode.c.h; path = NIOverviewView.h; sourceTree = "<group>"; };
		48CCC2C2166C99FB0013C663 /* NIOverviewView.m */ = {isa = PBXFileReference; fileEncoding = 4; lastKnownFileType = sourcecode.c.objc; path = NIOverviewView.m; sourceTree = "<group>"; };
		8D1107310486CEB800E47090 /* HelloWorld-Info.plist */ = {isa = PBXFileReference; fileEncoding = 4; lastKnownFileType = text.plist.xml; path = "HelloWorld-Info.plist"; plistStructureDefinitionIdentifier = "com.apple.xcode.plist.structure-definition.iphone.info-plist"; sourceTree = "<group>"; };
/* End PBXFileReference section */

/* Begin PBXFrameworksBuildPhase section */
		1D60588F0D05DD3D006BFB54 /* Frameworks */ = {
			isa = PBXFrameworksBuildPhase;
			buildActionMask = 2147483647;
			files = (
				480F1F9C163680E300C2EC19 /* MessageUI.framework in Frameworks */,
				1D60589F0D05DD5A006BFB54 /* Foundation.framework in Frameworks */,
				1DF5F4E00D08C38300B7A737 /* UIKit.framework in Frameworks */,
				288765A50DF7441C002DB57D /* CoreGraphics.framework in Frameworks */,
			);
			runOnlyForDeploymentPostprocessing = 0;
		};
/* End PBXFrameworksBuildPhase section */

/* Begin PBXGroup section */
		0192456F160F3098005A22BB /* iConsole */ = {
			isa = PBXGroup;
			children = (
				01924570160F3098005A22BB /* iConsole.h */,
				01924571160F3098005A22BB /* iConsole.m */,
				1F30C936166A26E000785E98 /* iConsole.bundle */,
			);
			name = iConsole;
			path = ../../iConsole;
			sourceTree = "<group>";
		};
		080E96DDFE201D6D7F000001 /* Classes */ = {
			isa = PBXGroup;
			children = (
				1D3623240D0F684500981E51 /* HelloWorldAppDelegate.h */,
				1D3623250D0F684500981E51 /* HelloWorldAppDelegate.m */,
				28D7ACF60DDB3853001CB0EB /* HelloWorldViewController.h */,
				28D7ACF70DDB3853001CB0EB /* HelloWorldViewController.m */,
			);
			path = Classes;
			sourceTree = "<group>";
		};
		19C28FACFE9D520D11CA2CBB /* Products */ = {
			isa = PBXGroup;
			children = (
				1D6058910D05DD3D006BFB54 /* iConsole.app */,
			);
			name = Products;
			sourceTree = "<group>";
		};
		1F30C8AC166A1C6800785E98 /* Vendor */ = {
			isa = PBXGroup;
			children = (
				48CCC0E2166C99FB0013C663 /* nimbus */,
				1F30C92E166A21C400785E98 /* YIEdgePanGestureRecognizer */,
			);
			name = Vendor;
			path = ../../Vendor;
			sourceTree = "<group>";
		};
		1F30C92E166A21C400785E98 /* YIEdgePanGestureRecognizer */ = {
			isa = PBXGroup;
			children = (
				1F30C92F166A21C400785E98 /* YIEdgePanGestureRecognizer.h */,
				1F30C930166A21C400785E98 /* YIEdgePanGestureRecognizer.m */,
			);
			name = YIEdgePanGestureRecognizer;
			path = YIEdgePanGestureRecognizer/YIEdgePanGestureRecognizer;
			sourceTree = "<group>";
		};
		29B97314FDCFA39411CA2CEA /* CustomTemplate */ = {
			isa = PBXGroup;
			children = (
				1F30C8AC166A1C6800785E98 /* Vendor */,
				0192456F160F3098005A22BB /* iConsole */,
				080E96DDFE201D6D7F000001 /* Classes */,
				29B97315FDCFA39411CA2CEA /* Other Sources */,
				29B97317FDCFA39411CA2CEA /* Resources */,
				29B97323FDCFA39411CA2CEA /* Frameworks */,
				19C28FACFE9D520D11CA2CBB /* Products */,
			);
			name = CustomTemplate;
			sourceTree = "<group>";
		};
		29B97315FDCFA39411CA2CEA /* Other Sources */ = {
			isa = PBXGroup;
			children = (
				32CA4F630368D1EE00C91783 /* HelloWorld_Prefix.pch */,
				29B97316FDCFA39411CA2CEA /* main.m */,
			);
			name = "Other Sources";
			sourceTree = "<group>";
		};
		29B97317FDCFA39411CA2CEA /* Resources */ = {
			isa = PBXGroup;
			children = (
				01924573160F30A5005A22BB /* Default-568h@2x.png */,
				01D60A6B12C1612D007E5123 /* Icon-72.png */,
				01D60A6C12C1612D007E5123 /* Icon.png */,
				01D60A6D12C1612D007E5123 /* Icon@2x.png */,
				2899E5210DE3E06400AC0155 /* HelloWorldViewController.xib */,
				28AD733E0D9D9553002E5188 /* MainWindow.xib */,
				8D1107310486CEB800E47090 /* HelloWorld-Info.plist */,
			);
			name = Resources;
			sourceTree = "<group>";
		};
		29B97323FDCFA39411CA2CEA /* Frameworks */ = {
			isa = PBXGroup;
			children = (
				1DF5F4DF0D08C38300B7A737 /* UIKit.framework */,
				1D30AB110D05D00D00671497 /* Foundation.framework */,
				288765A40DF7441C002DB57D /* CoreGraphics.framework */,
				480F1F9B163680E300C2EC19 /* MessageUI.framework */,
			);
			name = Frameworks;
			sourceTree = "<group>";
		};
		48CCC0E2166C99FB0013C663 /* nimbus */ = {
			isa = PBXGroup;
			children = (
				48CCC1BF166C99FB0013C663 /* src */,
			);
			path = nimbus;
			sourceTree = "<group>";
		};
		48CCC1BF166C99FB0013C663 /* src */ = {
			isa = PBXGroup;
			children = (
				48CCC1D4166C99FB0013C663 /* core */,
				48CCC272166C99FB0013C663 /* models */,
				48CCC2AC166C99FB0013C663 /* overview */,
			);
			path = src;
			sourceTree = "<group>";
		};
		48CCC1D4166C99FB0013C663 /* core */ = {
			isa = PBXGroup;
			children = (
				48CCC1D8166C99FB0013C663 /* src */,
			);
			path = core;
			sourceTree = "<group>";
		};
		48CCC1D8166C99FB0013C663 /* src */ = {
			isa = PBXGroup;
			children = (
				48CCC1D9166C99FB0013C663 /* NICommonMetrics.h */,
				48CCC1DA166C99FB0013C663 /* NICommonMetrics.m */,
				48CCC1DB166C99FB0013C663 /* NIDataStructures.h */,
				48CCC1DC166C99FB0013C663 /* NIDataStructures.m */,
				48CCC1DD166C99FB0013C663 /* NIDebuggingTools.h */,
				48CCC1DE166C99FB0013C663 /* NIDebuggingTools.m */,
				48CCC1DF166C99FB0013C663 /* NIDeviceOrientation.h */,
				48CCC1E0166C99FB0013C663 /* NIDeviceOrientation.m */,
				48CCC1E1166C99FB0013C663 /* NIError.h */,
				48CCC1E2166C99FB0013C663 /* NIError.m */,
				48CCC1E3166C99FB0013C663 /* NIFoundationMethods.h */,
				48CCC1E4166C99FB0013C663 /* NIFoundationMethods.m */,
				48CCC1E5166C99FB0013C663 /* NIInMemoryCache.h */,
				48CCC1E6166C99FB0013C663 /* NIInMemoryCache.m */,
				48CCC1E7166C99FB0013C663 /* NimbusCore+Additions.h */,
				48CCC1E8166C99FB0013C663 /* NimbusCore+Namespace.h */,
				48CCC1E9166C99FB0013C663 /* NimbusCore.h */,
				48CCC1EA166C99FB0013C663 /* NINavigationAppearance.h */,
				48CCC1EB166C99FB0013C663 /* NINavigationAppearance.m */,
				48CCC1EC166C99FB0013C663 /* NINetworkActivity.h */,
				48CCC1ED166C99FB0013C663 /* NINetworkActivity.m */,
				48CCC1EE166C99FB0013C663 /* NINonEmptyCollectionTesting.h */,
				48CCC1EF166C99FB0013C663 /* NINonEmptyCollectionTesting.m */,
				48CCC1F0166C99FB0013C663 /* NINonRetainingCollections.h */,
				48CCC1F1166C99FB0013C663 /* NINonRetainingCollections.m */,
				48CCC1F2166C99FB0013C663 /* NIOperations+Subclassing.h */,
				48CCC1F3166C99FB0013C663 /* NIOperations.h */,
				48CCC1F4166C99FB0013C663 /* NIOperations.m */,
				48CCC1F5166C99FB0013C663 /* NIPaths.h */,
				48CCC1F6166C99FB0013C663 /* NIPaths.m */,
				48CCC1F7166C99FB0013C663 /* NIPreprocessorMacros.h */,
				48CCC1F8166C99FB0013C663 /* NIRuntimeClassModifications.h */,
				48CCC1F9166C99FB0013C663 /* NIRuntimeClassModifications.m */,
				48CCC1FA166C99FB0013C663 /* NISDKAvailability.h */,
				48CCC1FB166C99FB0013C663 /* NISDKAvailability.m */,
				48CCC1FC166C99FB0013C663 /* NISnapshotRotation.h */,
				48CCC1FD166C99FB0013C663 /* NISnapshotRotation.m */,
				48CCC1FE166C99FB0013C663 /* NIState.h */,
				48CCC1FF166C99FB0013C663 /* NIState.m */,
				48CCC200166C99FB0013C663 /* NIViewRecycler.h */,
				48CCC201166C99FB0013C663 /* NIViewRecycler.m */,
				48CCC202166C99FB0013C663 /* NSString+NimbusCore.h */,
				48CCC203166C99FB0013C663 /* NSString+NimbusCore.m */,
			);
			path = src;
			sourceTree = "<group>";
		};
		48CCC272166C99FB0013C663 /* models */ = {
			isa = PBXGroup;
			children = (
				48CCC276166C99FB0013C663 /* src */,
			);
			path = models;
			sourceTree = "<group>";
		};
		48CCC276166C99FB0013C663 /* src */ = {
			isa = PBXGroup;
			children = (
				48CCC277166C99FB0013C663 /* NICellBackgrounds.h */,
				48CCC278166C99FB0013C663 /* NICellBackgrounds.m */,
				48CCC279166C99FB0013C663 /* NICellCatalog.h */,
				48CCC27A166C99FB0013C663 /* NICellCatalog.m */,
				48CCC27B166C99FB0013C663 /* NICellFactory.h */,
				48CCC27C166C99FB0013C663 /* NICellFactory.m */,
				48CCC27D166C99FB0013C663 /* NIFormCellCatalog.h */,
				48CCC27E166C99FB0013C663 /* NIFormCellCatalog.m */,
				48CCC27F166C99FB0013C663 /* NimbusModels+Namespace.h */,
				48CCC280166C99FB0013C663 /* NimbusModels.h */,
				48CCC281166C99FB0013C663 /* NIMutableTableViewModel+Private.h */,
				48CCC282166C99FB0013C663 /* NIMutableTableViewModel.h */,
				48CCC283166C99FB0013C663 /* NIMutableTableViewModel.m */,
				48CCC284166C99FB0013C663 /* NIRadioGroup.h */,
				48CCC285166C99FB0013C663 /* NIRadioGroup.m */,
				48CCC286166C99FB0013C663 /* NIRadioGroupController.h */,
				48CCC287166C99FB0013C663 /* NIRadioGroupController.m */,
				48CCC288166C99FB0013C663 /* NITableViewActions.h */,
				48CCC289166C99FB0013C663 /* NITableViewActions.m */,
				48CCC28A166C99FB0013C663 /* NITableViewModel+Private.h */,
				48CCC28B166C99FB0013C663 /* NITableViewModel.h */,
				48CCC28C166C99FB0013C663 /* NITableViewModel.m */,
			);
			path = src;
			sourceTree = "<group>";
		};
		48CCC2AC166C99FB0013C663 /* overview */ = {
			isa = PBXGroup;
			children = (
				48CCC2AE166C99FB0013C663 /* resources */,
				48CCC2B0166C99FB0013C663 /* src */,
			);
			path = overview;
			sourceTree = "<group>";
		};
		48CCC2AE166C99FB0013C663 /* resources */ = {
			isa = PBXGroup;
			children = (
				48CCC2AF166C99FB0013C663 /* NimbusOverviewer.bundle */,
			);
			path = resources;
			sourceTree = "<group>";
		};
		48CCC2B0166C99FB0013C663 /* src */ = {
			isa = PBXGroup;
			children = (
				48CCC2B1166C99FB0013C663 /* NIDeviceInfo.h */,
				48CCC2B2166C99FB0013C663 /* NIDeviceInfo.m */,
				48CCC2B3166C99FB0013C663 /* NimbusOverview+Namespace.h */,
				48CCC2B4166C99FB0013C663 /* NimbusOverview.h */,
				48CCC2B5166C99FB0013C663 /* NIOverview.h */,
				48CCC2B6166C99FB0013C663 /* NIOverview.m */,
				48CCC2B7166C99FB0013C663 /* NIOverviewGraphView.h */,
				48CCC2B8166C99FB0013C663 /* NIOverviewGraphView.m */,
				48CCC2B9166C99FB0013C663 /* NIOverviewLogger.h */,
				48CCC2BA166C99FB0013C663 /* NIOverviewLogger.m */,
				48CCC2BB166C99FB0013C663 /* NIOverviewMemoryCacheController.h */,
				48CCC2BC166C99FB0013C663 /* NIOverviewMemoryCacheController.m */,
				48CCC2BD166C99FB0013C663 /* NIOverviewPageView.h */,
				48CCC2BE166C99FB0013C663 /* NIOverviewPageView.m */,
				48CCC2BF166C99FB0013C663 /* NIOverviewSwizzling.h */,
				48CCC2C0166C99FB0013C663 /* NIOverviewSwizzling.m */,
				48CCC2C1166C99FB0013C663 /* NIOverviewView.h */,
				48CCC2C2166C99FB0013C663 /* NIOverviewView.m */,
			);
			path = src;
			sourceTree = "<group>";
		};
/* End PBXGroup section */

/* Begin PBXNativeTarget section */
		1D6058900D05DD3D006BFB54 /* HelloWorld */ = {
			isa = PBXNativeTarget;
			buildConfigurationList = 1D6058960D05DD3E006BFB54 /* Build configuration list for PBXNativeTarget "HelloWorld" */;
			buildPhases = (
				1D60588D0D05DD3D006BFB54 /* Resources */,
				1D60588E0D05DD3D006BFB54 /* Sources */,
				1D60588F0D05DD3D006BFB54 /* Frameworks */,
			);
			buildRules = (
			);
			dependencies = (
			);
			name = HelloWorld;
			productName = HelloWorld;
			productReference = 1D6058910D05DD3D006BFB54 /* iConsole.app */;
			productType = "com.apple.product-type.application";
		};
/* End PBXNativeTarget section */

/* Begin PBXProject section */
		29B97313FDCFA39411CA2CEA /* Project object */ = {
			isa = PBXProject;
			attributes = {
				LastUpgradeCheck = 0440;
			};
			buildConfigurationList = C01FCF4E08A954540054247B /* Build configuration list for PBXProject "HelloWorld" */;
			compatibilityVersion = "Xcode 3.2";
			developmentRegion = English;
			hasScannedForEncodings = 1;
			knownRegions = (
				English,
				Japanese,
				French,
				German,
				en,
			);
			mainGroup = 29B97314FDCFA39411CA2CEA /* CustomTemplate */;
			projectDirPath = "";
			projectRoot = "";
			targets = (
				1D6058900D05DD3D006BFB54 /* HelloWorld */,
			);
		};
/* End PBXProject section */

/* Begin PBXResourcesBuildPhase section */
		1D60588D0D05DD3D006BFB54 /* Resources */ = {
			isa = PBXResourcesBuildPhase;
			buildActionMask = 2147483647;
			files = (
				28AD733F0D9D9553002E5188 /* MainWindow.xib in Resources */,
				2899E5220DE3E06400AC0155 /* HelloWorldViewController.xib in Resources */,
				01D60A6E12C1612D007E5123 /* Icon-72.png in Resources */,
				01D60A6F12C1612D007E5123 /* Icon.png in Resources */,
				01D60A7012C1612D007E5123 /* Icon@2x.png in Resources */,
				01924574160F30A5005A22BB /* Default-568h@2x.png in Resources */,
				1F30C937166A26E000785E98 /* iConsole.bundle in Resources */,
				48CCC45A166C99FD0013C663 /* NimbusOverviewer.bundle in Resources */,
			);
			runOnlyForDeploymentPostprocessing = 0;
		};
/* End PBXResourcesBuildPhase section */

/* Begin PBXSourcesBuildPhase section */
		1D60588E0D05DD3D006BFB54 /* Sources */ = {
			isa = PBXSourcesBuildPhase;
			buildActionMask = 2147483647;
			files = (
				1D60589B0D05DD56006BFB54 /* main.m in Sources */,
				1D3623260D0F684500981E51 /* HelloWorldAppDelegate.m in Sources */,
				28D7ACF80DDB3853001CB0EB /* HelloWorldViewController.m in Sources */,
				01924572160F3098005A22BB /* iConsole.m in Sources */,
				1F30C931166A21C400785E98 /* YIEdgePanGestureRecognizer.m in Sources */,
				48CCC3ED166C99FD0013C663 /* NICommonMetrics.m in Sources */,
				48CCC3EE166C99FD0013C663 /* NIDataStructures.m in Sources */,
				48CCC3EF166C99FD0013C663 /* NIDebuggingTools.m in Sources */,
				48CCC3F0166C99FD0013C663 /* NIDeviceOrientation.m in Sources */,
				48CCC3F1166C99FD0013C663 /* NIError.m in Sources */,
				48CCC3F2166C99FD0013C663 /* NIFoundationMethods.m in Sources */,
				48CCC3F3166C99FD0013C663 /* NIInMemoryCache.m in Sources */,
				48CCC3F4166C99FD0013C663 /* NINavigationAppearance.m in Sources */,
				48CCC3F5166C99FD0013C663 /* NINetworkActivity.m in Sources */,
				48CCC3F6166C99FD0013C663 /* NINonEmptyCollectionTesting.m in Sources */,
				48CCC3F7166C99FD0013C663 /* NINonRetainingCollections.m in Sources */,
				48CCC3F8166C99FD0013C663 /* NIOperations.m in Sources */,
				48CCC3F9166C99FD0013C663 /* NIPaths.m in Sources */,
				48CCC3FA166C99FD0013C663 /* NIRuntimeClassModifications.m in Sources */,
				48CCC3FB166C99FD0013C663 /* NISDKAvailability.m in Sources */,
				48CCC3FC166C99FD0013C663 /* NISnapshotRotation.m in Sources */,
				48CCC3FD166C99FD0013C663 /* NIState.m in Sources */,
				48CCC3FE166C99FD0013C663 /* NIViewRecycler.m in Sources */,
				48CCC3FF166C99FD0013C663 /* NSString+NimbusCore.m in Sources */,
				48CCC443166C99FD0013C663 /* NICellBackgrounds.m in Sources */,
				48CCC444166C99FD0013C663 /* NICellCatalog.m in Sources */,
				48CCC445166C99FD0013C663 /* NICellFactory.m in Sources */,
				48CCC446166C99FD0013C663 /* NIFormCellCatalog.m in Sources */,
				48CCC447166C99FD0013C663 /* NIMutableTableViewModel.m in Sources */,
				48CCC448166C99FD0013C663 /* NIRadioGroup.m in Sources */,
				48CCC449166C99FD0013C663 /* NIRadioGroupController.m in Sources */,
				48CCC44A166C99FD0013C663 /* NITableViewActions.m in Sources */,
				48CCC44B166C99FD0013C663 /* NITableViewModel.m in Sources */,
				48CCC45B166C99FD0013C663 /* NIDeviceInfo.m in Sources */,
				48CCC45C166C99FD0013C663 /* NIOverview.m in Sources */,
				48CCC45D166C99FD0013C663 /* NIOverviewGraphView.m in Sources */,
				48CCC45E166C99FD0013C663 /* NIOverviewLogger.m in Sources */,
				48CCC45F166C99FD0013C663 /* NIOverviewMemoryCacheController.m in Sources */,
				48CCC460166C99FD0013C663 /* NIOverviewPageView.m in Sources */,
				48CCC461166C99FD0013C663 /* NIOverviewSwizzling.m in Sources */,
				48CCC462166C99FD0013C663 /* NIOverviewView.m in Sources */,
			);
			runOnlyForDeploymentPostprocessing = 0;
		};
/* End PBXSourcesBuildPhase section */

/* Begin XCBuildConfiguration section */
		1D6058940D05DD3E006BFB54 /* Debug */ = {
			isa = XCBuildConfiguration;
			buildSettings = {
				ALWAYS_SEARCH_USER_PATHS = NO;
				ARCHS = "$(ARCHS_STANDARD_32_BIT)";
				CLANG_ENABLE_OBJC_ARC = YES;
				COPY_PHASE_STRIP = NO;
				GCC_DYNAMIC_NO_PIC = NO;
				GCC_OPTIMIZATION_LEVEL = 0;
				GCC_PRECOMPILE_PREFIX_HEADER = YES;
				GCC_PREFIX_HEADER = HelloWorld_Prefix.pch;
				GCC_PREPROCESSOR_DEFINITIONS = DEBUG;
				INFOPLIST_FILE = "HelloWorld-Info.plist";
				IPHONEOS_DEPLOYMENT_TARGET = 5.0;
				PRODUCT_NAME = iConsole;
				SDKROOT = iphoneos;
				TARGETED_DEVICE_FAMILY = "1,2";
			};
			name = Debug;
		};
		1D6058950D05DD3E006BFB54 /* Release */ = {
			isa = XCBuildConfiguration;
			buildSettings = {
				ALWAYS_SEARCH_USER_PATHS = NO;
				ARCHS = "$(ARCHS_STANDARD_32_BIT)";
				CLANG_ENABLE_OBJC_ARC = YES;
				COPY_PHASE_STRIP = YES;
				GCC_PRECOMPILE_PREFIX_HEADER = YES;
				GCC_PREFIX_HEADER = HelloWorld_Prefix.pch;
				GCC_PREPROCESSOR_DEFINITIONS = DEBUG;
				INFOPLIST_FILE = "HelloWorld-Info.plist";
				IPHONEOS_DEPLOYMENT_TARGET = 5.0;
				PRODUCT_NAME = iConsole;
				SDKROOT = iphoneos;
				TARGETED_DEVICE_FAMILY = "1,2";
			};
			name = Release;
		};
		C01FCF4F08A954540054247B /* Debug */ = {
			isa = XCBuildConfiguration;
			buildSettings = {
				ARCHS = "$(ARCHS_STANDARD_32_BIT)";
				"CODE_SIGN_IDENTITY[sdk=iphoneos*]" = "iPhone Developer";
				GCC_C_LANGUAGE_STANDARD = c99;
				GCC_WARN_ABOUT_RETURN_TYPE = YES;
				GCC_WARN_UNUSED_VARIABLE = YES;
				SDKROOT = iphoneos;
			};
			name = Debug;
		};
		C01FCF5008A954540054247B /* Release */ = {
			isa = XCBuildConfiguration;
			buildSettings = {
				ARCHS = "$(ARCHS_STANDARD_32_BIT)";
				"CODE_SIGN_IDENTITY[sdk=iphoneos*]" = "iPhone Developer";
				GCC_C_LANGUAGE_STANDARD = c99;
				GCC_WARN_ABOUT_RETURN_TYPE = YES;
				GCC_WARN_UNUSED_VARIABLE = YES;
				SDKROOT = iphoneos;
			};
			name = Release;
		};
/* End XCBuildConfiguration section */

/* Begin XCConfigurationList section */
		1D6058960D05DD3E006BFB54 /* Build configuration list for PBXNativeTarget "HelloWorld" */ = {
			isa = XCConfigurationList;
			buildConfigurations = (
				1D6058940D05DD3E006BFB54 /* Debug */,
				1D6058950D05DD3E006BFB54 /* Release */,
			);
			defaultConfigurationIsVisible = 0;
			defaultConfigurationName = Release;
		};
		C01FCF4E08A954540054247B /* Build configuration list for PBXProject "HelloWorld" */ = {
			isa = XCConfigurationList;
			buildConfigurations = (
				C01FCF4F08A954540054247B /* Debug */,
				C01FCF5008A954540054247B /* Release */,
			);
			defaultConfigurationIsVisible = 0;
			defaultConfigurationName = Release;
		};
/* End XCConfigurationList section */
	};
	rootObject = 29B97313FDCFA39411CA2CEA /* Project object */;
}
